{
  "name": "250check",
  "version": "1.0.0",
  "lockfileVersion": 1,
  "requires": true,
  "dependencies": {
    "justwatch-api": {
      "version": "1.0.6",
      "resolved": "https://registry.npmjs.org/justwatch-api/-/justwatch-api-1.0.6.tgz",
      "integrity": "sha512-vRIvpVHWLNIN1z4N+Th1xog6/MOaouZ1xTZ5mwgi0/rbcfma7Dvn+bQidkLyyFtyX5uIGvg4TUIfht/JVyv1AQ=="
    }
  }
}
